
Microsoft Visual Studio Solution File, Format Version 12.00
# Visual Studio Version 17
VisualStudioVersion = 17.8.34511.84
MinimumVisualStudioVersion = 10.0.40219.1
Project("{9A19103F-16F7-4668-BE54-9A1E7A4F7556}") = "HKTransportAPI", "HKTransportAPI\HKTransportAPI.csproj", "{AF913E04-3790-42DB-994A-ED8C1D5FE710}"
EndProject
Global
	GlobalSection(SolutionConfigurationPlatforms) = preSolution
		Debug|Any CPU = Debug|Any CPU
		Release|Any CPU = Release|Any CPU
	EndGlobalSection
	GlobalSection(ProjectConfigurationPlatforms) = postSolution
		{AF913E04-3790-42DB-994A-ED8C1D5FE710}.Debug|Any CPU.ActiveCfg = Debug|Any CPU
		{AF913E04-3790-42DB-994A-ED8C1D5FE710}.Debug|Any CPU.Build.0 = Debug|Any CPU
		{AF913E04-3790-42DB-994A-ED8C1D5FE710}.Release|Any CPU.ActiveCfg = Release|Any CPU
		{AF913E04-3790-42DB-994A-ED8C1D5FE710}.Release|Any CPU.Build.0 = Release|Any CPU
	EndGlobalSection
	GlobalSection(SolutionProperties) = preSolution
		HideSolutionNode = FALSE
	EndGlobalSection
	GlobalSection(ExtensibilityGlobals) = postSolution
		SolutionGuid = {2BB5CA3C-C5F1-4119-8160-B0EEB4D77E15}
	EndGlobalSection
EndGlobal
